
Microsoft Visual Studio Solution File, Format Version 12.00
# Visual Studio Version 16
VisualStudioVersion = 16.0.29503.13
MinimumVisualStudioVersion = 10.0.40219.1
Project("{FAE04EC0-301F-11D3-BF4B-00C04F79EFBC}") = "Pratice", "Pratice\Pratice.csproj", "{4F4260B9-8F12-4987-8C41-01D1F5FE381E}"
EndProject
Global
	GlobalSection(SolutionConfigurationPlatforms) = preSolution
		Debug|Any CPU = Debug|Any CPU
		Release|Any CPU = Release|Any CPU
	EndGlobalSection
	GlobalSection(ProjectConfigurationPlatforms) = postSolution
		{4F4260B9-8F12-4987-8C41-01D1F5FE381E}.Debug|Any CPU.ActiveCfg = Debug|Any CPU
		{4F4260B9-8F12-4987-8C41-01D1F5FE381E}.Debug|Any CPU.Build.0 = Debug|Any CPU
		{4F4260B9-8F12-4987-8C41-01D1F5FE381E}.Release|Any CPU.ActiveCfg = Release|Any CPU
		{4F4260B9-8F12-4987-8C41-01D1F5FE381E}.Release|Any CPU.Build.0 = Release|Any CPU
	EndGlobalSection
	GlobalSection(SolutionProperties) = preSolution
		HideSolutionNode = FALSE
	EndGlobalSection
	GlobalSection(ExtensibilityGlobals) = postSolution
		SolutionGuid = {E97A396C-3194-4AB9-9F35-744CED101FC1}
	EndGlobalSection
EndGlobal
